
Microsoft Visual Studio Solution File, Format Version 12.00
# Visual Studio 15
VisualStudioVersion = 15.0.26430.16
MinimumVisualStudioVersion = 10.0.40219.1
Project("{FAE04EC0-301F-11D3-BF4B-00C04F79EFBC}") = "JSONSerializationDesrialization", "JSONSerializationDesrialization\JSONSerializationDesrialization.csproj", "{6C448A7A-DF45-4DC1-A737-ED0ADE36E68A}"
EndProject
Project("{FAE04EC0-301F-11D3-BF4B-00C04F79EFBC}") = "DotNetTests.Common", "DotNetTests.Common\DotNetTests.Common.csproj", "{321315A8-DEDD-4F6A-84DA-A28681878D13}"
EndProject
Global
	GlobalSection(SolutionConfigurationPlatforms) = preSolution
		Debug|Any CPU = Debug|Any CPU
		Release|Any CPU = Release|Any CPU
	EndGlobalSection
	GlobalSection(ProjectConfigurationPlatforms) = postSolution
		{6C448A7A-DF45-4DC1-A737-ED0ADE36E68A}.Debug|Any CPU.ActiveCfg = Debug|Any CPU
		{6C448A7A-DF45-4DC1-A737-ED0ADE36E68A}.Debug|Any CPU.Build.0 = Debug|Any CPU
		{6C448A7A-DF45-4DC1-A737-ED0ADE36E68A}.Release|Any CPU.ActiveCfg = Release|Any CPU
		{6C448A7A-DF45-4DC1-A737-ED0ADE36E68A}.Release|Any CPU.Build.0 = Release|Any CPU
		{321315A8-DEDD-4F6A-84DA-A28681878D13}.Debug|Any CPU.ActiveCfg = Debug|Any CPU
		{321315A8-DEDD-4F6A-84DA-A28681878D13}.Debug|Any CPU.Build.0 = Debug|Any CPU
		{321315A8-DEDD-4F6A-84DA-A28681878D13}.Release|Any CPU.ActiveCfg = Release|Any CPU
		{321315A8-DEDD-4F6A-84DA-A28681878D13}.Release|Any CPU.Build.0 = Release|Any CPU
	EndGlobalSection
	GlobalSection(SolutionProperties) = preSolution
		HideSolutionNode = FALSE
	EndGlobalSection
EndGlobal
